<?xml version="1.0" encoding="utf-8"?>
<Project ToolsVersion="4.0" xmlns="http://schemas.microsoft.com/developer/msbuild/2003">
  <ItemGroup>
    <Filter Include="Source Files">
      <UniqueIdentifier>{4FC737F1-C7A5-4376-A066-2A32D752A2FF}</UniqueIdentifier>
      <Extensions>cpp;c;cc;cxx;def;odl;idl;hpj;bat;asm;asmx</Extensions>
    </Filter>
    <Filter Include="Header Files">
      <UniqueIdentifier>{93995380-89BD-4b04-88EB-625FBE52EBFB}</UniqueIdentifier>
      <Extensions>h;hh;hpp;hxx;hm;inl;inc;ipp;xsd</Extensions>
    </Filter>
    <Filter Include="Resource Files">
      <UniqueIdentifier>{67DA6AB6-F800-4c08-8B7A-83BB121AAD01}</UniqueIdentifier>
      <Extensions>rc;ico;cur;bmp;dlg;rc2;rct;bin;rgs;gif;jpg;jpeg;jpe;resx;tiff;tif;png;wav;mfcribbon-ms</Extensions>
    </Filter>
    <Filter Include="Pre Compiled Files">
      <UniqueIdentifier>{54851dd4-8836-4fe0-9cef-1588bffc654b}</UniqueIdentifier>
    </Filter>
  </ItemGroup>
  <ItemGroup>
    <ClCompile Include="main.cpp">
      <Filter>Source Files</Filter>
    </ClCompile>
    <ClCompile Include="Game.cpp">
      <Filter>Source Files</Filter>
    </ClCompile>
    <ClCompile Include="stdafx.cpp">
      <Filter>Pre Compiled Files</Filter>
    </ClCompile>
    <ClCompile Include="Player.cpp">
      <Filter>Source Files</Filter>
    </ClCompile>
    <ClCompile Include="SplashScreen.cpp">
      <Filter>Source Files</Filter>
    </ClCompile>
    <ClCompile Include="MainMenu.cpp">
      <Filter>Source Files</Filter>
    </ClCompile>
    <ClCompile Include="Paddle.cpp">
      <Filter>Source Files</Filter>
    </ClCompile>
    <ClCompile Include="VisibleGameObject.cpp">
      <Filter>Source Files</Filter>
    </ClCompile>
    <ClCompile Include="GameObjectManager.cpp">
      <Filter>Source Files</Filter>
    </ClCompile>
    <ClCompile Include="GameBall.cpp">
      <Filter>Source Files</Filter>
    </ClCompile>
    <ClCompile Include="Tilemapping.cpp">
      <Filter>Source Files</Filter>
    </ClCompile>
    <ClCompile Include="AIPaddle.cpp">
      <Filter>Source Files</Filter>
    </ClCompile>
    <ClCompile Include="ServiceLocator.cpp">
      <Filter>Source Files</Filter>
    </ClCompile>
    <ClCompile Include="SMFLSoundProvider.cpp">
      <Filter>Source Files</Filter>
    </ClCompile>
    <ClCompile Include="SoundFileCache.cpp">
      <Filter>Source Files</Filter>
    </ClCompile>
    <ClCompile Include="Objects.cpp">
      <Filter>Source Files</Filter>
    </ClCompile>
  </ItemGroup>
  <ItemGroup>
    <ClInclude Include="Game.h">
      <Filter>Header Files</Filter>
    </ClInclude>
    <ClInclude Include="stdafx.h">
      <Filter>Pre Compiled Files</Filter>
    </ClInclude>
    <ClInclude Include="Player.h">
      <Filter>Header Files</Filter>
    </ClInclude>
    <ClInclude Include="SplashScreen.h">
      <Filter>Header Files</Filter>
    </ClInclude>
    <ClInclude Include="MainMenu.h">
      <Filter>Header Files</Filter>
    </ClInclude>
    <ClInclude Include="Paddle.h">
      <Filter>Header Files</Filter>
    </ClInclude>
    <ClInclude Include="VisibleGameObject.h">
      <Filter>Header Files</Filter>
    </ClInclude>
    <ClInclude Include="GameObjectManager.h">
      <Filter>Header Files</Filter>
    </ClInclude>
    <ClInclude Include="Tilemap.h">
      <Filter>Header Files</Filter>
    </ClInclude>
    <ClInclude Include="Tilemapping.h">
      <Filter>Header Files</Filter>
    </ClInclude>
    <ClInclude Include="GameBall.h">
      <Filter>Header Files</Filter>
    </ClInclude>
    <ClInclude Include="AIPaddle.h">
      <Filter>Header Files</Filter>
    </ClInclude>
    <ClInclude Include="SoundFileCache.h">
      <Filter>Header Files</Filter>
    </ClInclude>
    <ClInclude Include="SFMLSoundProvider.h">
      <Filter>Header Files</Filter>
    </ClInclude>
    <ClInclude Include="IAudioProvider.h">
      <Filter>Header Files</Filter>
    </ClInclude>
    <ClInclude Include="ServiceLocator.h">
      <Filter>Header Files</Filter>
    </ClInclude>
    <ClInclude Include="Objects.h">
      <Filter>Header Files</Filter>
    </ClInclude>
  </ItemGroup>
</Project>